
Microsoft Visual Studio Solution File, Format Version 12.00
# Visual Studio 15
VisualStudioVersion = 15.0.28307.421
MinimumVisualStudioVersion = 10.0.40219.1
Project("{8BC9CEB8-8B4A-11D0-8D11-00A0C91BC942}") = "Server Sokets", "Server Sokets\Server Sokets.vcxproj", "{3B3BC11F-50E1-499E-8EBB-E1370AAF0385}"
EndProject
Global
	GlobalSection(SolutionConfigurationPlatforms) = preSolution
		Debug|x64 = Debug|x64
		Debug|x86 = Debug|x86
		Release|x64 = Release|x64
		Release|x86 = Release|x86
	EndGlobalSection
	GlobalSection(ProjectConfigurationPlatforms) = postSolution
		{3B3BC11F-50E1-499E-8EBB-E1370AAF0385}.Debug|x64.ActiveCfg = Debug|x64
		{3B3BC11F-50E1-499E-8EBB-E1370AAF0385}.Debug|x64.Build.0 = Debug|x64
		{3B3BC11F-50E1-499E-8EBB-E1370AAF0385}.Debug|x86.ActiveCfg = Debug|Win32
		{3B3BC11F-50E1-499E-8EBB-E1370AAF0385}.Debug|x86.Build.0 = Debug|Win32
		{3B3BC11F-50E1-499E-8EBB-E1370AAF0385}.Release|x64.ActiveCfg = Release|x64
		{3B3BC11F-50E1-499E-8EBB-E1370AAF0385}.Release|x64.Build.0 = Release|x64
		{3B3BC11F-50E1-499E-8EBB-E1370AAF0385}.Release|x86.ActiveCfg = Release|Win32
		{3B3BC11F-50E1-499E-8EBB-E1370AAF0385}.Release|x86.Build.0 = Release|Win32
	EndGlobalSection
	GlobalSection(SolutionProperties) = preSolution
		HideSolutionNode = FALSE
	EndGlobalSection
	GlobalSection(ExtensibilityGlobals) = postSolution
		SolutionGuid = {3AD90879-066D-4F9E-8208-58B46A5A69E0}
	EndGlobalSection
EndGlobal
