
Microsoft Visual Studio Solution File, Format Version 12.00
# Visual Studio Version 16
VisualStudioVersion = 16.0.29230.47
MinimumVisualStudioVersion = 10.0.40219.1
Project("{8BC9CEB8-8B4A-11D0-8D11-00A0C91BC942}") = "1167C", "1167C\1167C.vcxproj", "{8711A734-1E07-4D50-B01D-5C4919883F9B}"
EndProject
Global
	GlobalSection(SolutionConfigurationPlatforms) = preSolution
		Debug|x64 = Debug|x64
		Debug|x86 = Debug|x86
		Release|x64 = Release|x64
		Release|x86 = Release|x86
	EndGlobalSection
	GlobalSection(ProjectConfigurationPlatforms) = postSolution
		{8711A734-1E07-4D50-B01D-5C4919883F9B}.Debug|x64.ActiveCfg = Debug|x64
		{8711A734-1E07-4D50-B01D-5C4919883F9B}.Debug|x64.Build.0 = Debug|x64
		{8711A734-1E07-4D50-B01D-5C4919883F9B}.Debug|x86.ActiveCfg = Debug|Win32
		{8711A734-1E07-4D50-B01D-5C4919883F9B}.Debug|x86.Build.0 = Debug|Win32
		{8711A734-1E07-4D50-B01D-5C4919883F9B}.Release|x64.ActiveCfg = Release|x64
		{8711A734-1E07-4D50-B01D-5C4919883F9B}.Release|x64.Build.0 = Release|x64
		{8711A734-1E07-4D50-B01D-5C4919883F9B}.Release|x86.ActiveCfg = Release|Win32
		{8711A734-1E07-4D50-B01D-5C4919883F9B}.Release|x86.Build.0 = Release|Win32
	EndGlobalSection
	GlobalSection(SolutionProperties) = preSolution
		HideSolutionNode = FALSE
	EndGlobalSection
	GlobalSection(ExtensibilityGlobals) = postSolution
		SolutionGuid = {509EFA30-E0FE-4F3D-8750-60AAC4D5CD2F}
	EndGlobalSection
EndGlobal
