
Microsoft Visual Studio Solution File, Format Version 12.00
# Visual Studio 15
VisualStudioVersion = 15.0.28307.421
MinimumVisualStudioVersion = 10.0.40219.1
Project("{8BC9CEB8-8B4A-11D0-8D11-00A0C91BC942}") = "Min", "Min\Min.vcxproj", "{15FD081F-8191-40E5-8E28-FAD4AAA3BA6C}"
EndProject
Global
	GlobalSection(SolutionConfigurationPlatforms) = preSolution
		Debug|x64 = Debug|x64
		Debug|x86 = Debug|x86
		Release|x64 = Release|x64
		Release|x86 = Release|x86
	EndGlobalSection
	GlobalSection(ProjectConfigurationPlatforms) = postSolution
		{15FD081F-8191-40E5-8E28-FAD4AAA3BA6C}.Debug|x64.ActiveCfg = Debug|x64
		{15FD081F-8191-40E5-8E28-FAD4AAA3BA6C}.Debug|x64.Build.0 = Debug|x64
		{15FD081F-8191-40E5-8E28-FAD4AAA3BA6C}.Debug|x86.ActiveCfg = Debug|Win32
		{15FD081F-8191-40E5-8E28-FAD4AAA3BA6C}.Debug|x86.Build.0 = Debug|Win32
		{15FD081F-8191-40E5-8E28-FAD4AAA3BA6C}.Release|x64.ActiveCfg = Release|x64
		{15FD081F-8191-40E5-8E28-FAD4AAA3BA6C}.Release|x64.Build.0 = Release|x64
		{15FD081F-8191-40E5-8E28-FAD4AAA3BA6C}.Release|x86.ActiveCfg = Release|Win32
		{15FD081F-8191-40E5-8E28-FAD4AAA3BA6C}.Release|x86.Build.0 = Release|Win32
	EndGlobalSection
	GlobalSection(SolutionProperties) = preSolution
		HideSolutionNode = FALSE
	EndGlobalSection
	GlobalSection(ExtensibilityGlobals) = postSolution
		SolutionGuid = {2EB47CED-9F57-435C-B7D1-1A107A95FA51}
	EndGlobalSection
EndGlobal
