
Microsoft Visual Studio Solution File, Format Version 12.00
# Visual Studio 15
VisualStudioVersion = 15.0.28307.136
MinimumVisualStudioVersion = 10.0.40219.1
Project("{8BC9CEB8-8B4A-11D0-8D11-00A0C91BC942}") = "sm2_3", "sm2_3\sm2_3.vcxproj", "{1BBB2BF8-6A86-46B4-9919-53F4E9FEC9A5}"
EndProject
Global
	GlobalSection(SolutionConfigurationPlatforms) = preSolution
		Debug|x64 = Debug|x64
		Debug|x86 = Debug|x86
		Release|x64 = Release|x64
		Release|x86 = Release|x86
	EndGlobalSection
	GlobalSection(ProjectConfigurationPlatforms) = postSolution
		{1BBB2BF8-6A86-46B4-9919-53F4E9FEC9A5}.Debug|x64.ActiveCfg = Debug|x64
		{1BBB2BF8-6A86-46B4-9919-53F4E9FEC9A5}.Debug|x64.Build.0 = Debug|x64
		{1BBB2BF8-6A86-46B4-9919-53F4E9FEC9A5}.Debug|x86.ActiveCfg = Debug|Win32
		{1BBB2BF8-6A86-46B4-9919-53F4E9FEC9A5}.Debug|x86.Build.0 = Debug|Win32
		{1BBB2BF8-6A86-46B4-9919-53F4E9FEC9A5}.Release|x64.ActiveCfg = Release|x64
		{1BBB2BF8-6A86-46B4-9919-53F4E9FEC9A5}.Release|x64.Build.0 = Release|x64
		{1BBB2BF8-6A86-46B4-9919-53F4E9FEC9A5}.Release|x86.ActiveCfg = Release|Win32
		{1BBB2BF8-6A86-46B4-9919-53F4E9FEC9A5}.Release|x86.Build.0 = Release|Win32
	EndGlobalSection
	GlobalSection(SolutionProperties) = preSolution
		HideSolutionNode = FALSE
	EndGlobalSection
	GlobalSection(ExtensibilityGlobals) = postSolution
		SolutionGuid = {51A410E9-FB34-4E14-9E5C-864D3B2672C3}
	EndGlobalSection
EndGlobal
